
Microsoft Visual Studio Solution File, Format Version 12.00
# Visual Studio Version 17
VisualStudioVersion = 17.2.32516.85
MinimumVisualStudioVersion = 10.0.40219.1
Project("{9A19103F-16F7-4668-BE54-9A1E7A4F7556}") = "Tree", "Tree\Tree.csproj", "{C7AE7C39-038A-40C7-A46E-884BBDFDD428}"
EndProject
Project("{9A19103F-16F7-4668-BE54-9A1E7A4F7556}") = "Tree.Tests", "Tree.Tests\Tree.Tests.csproj", "{D3A9E48B-157B-4F90-9563-1AAE0996B5D9}"
EndProject
Project("{FAE04EC0-301F-11D3-BF4B-00C04F79EFBC}") = "Demo", "Demo\Demo.csproj", "{E69207EF-4D9E-4FA0-96ED-D3A0B55138BB}"
EndProject
Global
	GlobalSection(SolutionConfigurationPlatforms) = preSolution
		Debug|Any CPU = Debug|Any CPU
		Release|Any CPU = Release|Any CPU
	EndGlobalSection
	GlobalSection(ProjectConfigurationPlatforms) = postSolution
		{C7AE7C39-038A-40C7-A46E-884BBDFDD428}.Debug|Any CPU.ActiveCfg = Debug|Any CPU
		{C7AE7C39-038A-40C7-A46E-884BBDFDD428}.Debug|Any CPU.Build.0 = Debug|Any CPU
		{C7AE7C39-038A-40C7-A46E-884BBDFDD428}.Release|Any CPU.ActiveCfg = Release|Any CPU
		{C7AE7C39-038A-40C7-A46E-884BBDFDD428}.Release|Any CPU.Build.0 = Release|Any CPU
		{D3A9E48B-157B-4F90-9563-1AAE0996B5D9}.Debug|Any CPU.ActiveCfg = Debug|Any CPU
		{D3A9E48B-157B-4F90-9563-1AAE0996B5D9}.Debug|Any CPU.Build.0 = Debug|Any CPU
		{D3A9E48B-157B-4F90-9563-1AAE0996B5D9}.Release|Any CPU.ActiveCfg = Release|Any CPU
		{D3A9E48B-157B-4F90-9563-1AAE0996B5D9}.Release|Any CPU.Build.0 = Release|Any CPU
		{E69207EF-4D9E-4FA0-96ED-D3A0B55138BB}.Debug|Any CPU.ActiveCfg = Debug|Any CPU
		{E69207EF-4D9E-4FA0-96ED-D3A0B55138BB}.Debug|Any CPU.Build.0 = Debug|Any CPU
		{E69207EF-4D9E-4FA0-96ED-D3A0B55138BB}.Release|Any CPU.ActiveCfg = Release|Any CPU
		{E69207EF-4D9E-4FA0-96ED-D3A0B55138BB}.Release|Any CPU.Build.0 = Release|Any CPU
	EndGlobalSection
	GlobalSection(SolutionProperties) = preSolution
		HideSolutionNode = FALSE
	EndGlobalSection
	GlobalSection(ExtensibilityGlobals) = postSolution
		SolutionGuid = {22171980-9778-4594-9F1C-3E8049C6F342}
	EndGlobalSection
EndGlobal
